{
  "name": "xtal-state",
  "version": "0.0.71",
  "lockfileVersion": 1,
  "requires": true,
  "dependencies": {
    "@webcomponents/webcomponentsjs": {
      "version": "2.2.7",
      "resolved": "https://registry.npmjs.org/@webcomponents/webcomponentsjs/-/webcomponentsjs-2.2.7.tgz",
      "integrity": "sha512-kPPjzV+5kpoWpTniyvBSPcXS33f3j/C6HvNOJ3YecF3pvz3XwVeU4ammbxtVy/osF3z7hr1DYNptIf4oPEvXZA==",
      "dev": true
    },
    "buffer-from": {
      "version": "1.1.1",
      "resolved": "https://registry.npmjs.org/buffer-from/-/buffer-from-1.1.1.tgz",
      "integrity": "sha512-MQcXEUbCKtEo7bhqEs6560Hyd4XaovZlO/k9V3hjVUF/zwW7KBVdSK4gIt/bzwS9MbR5qob+F5jusZsb0YQK2A==",
      "dev": true
    },
    "commander": {
      "version": "2.17.1",
      "resolved": "https://registry.npmjs.org/commander/-/commander-2.17.1.tgz",
      "integrity": "sha512-wPMUt6FnH2yzG95SA6mzjQOEKUU3aLaDEmzs1ti+1E9h+CsrZghRlqEM/EJ4KscsQVG8uNN4uVreUeT8+drlgg==",
      "dev": true
    },
    "event-switch": {
      "version": "0.0.12",
      "resolved": "https://registry.npmjs.org/event-switch/-/event-switch-0.0.12.tgz",
      "integrity": "sha512-T4ZNewAhMsLkurklQwzznYsz7MHqhriwZHxYFLRHY+TfIbSTAOoB1IO4QibezD2D7HEdQnIb99v+eSV2N4KIbg=="
    },
    "idb-keyval": {
      "version": "3.2.0",
      "resolved": "https://registry.npmjs.org/idb-keyval/-/idb-keyval-3.2.0.tgz",
      "integrity": "sha512-slx8Q6oywCCSfKgPgL0sEsXtPVnSbTLWpyiDcu6msHOyKOLari1TD1qocXVCft80umnkk3/Qqh3lwoFt8T/BPQ==",
      "dev": true
    },
    "jiife": {
      "version": "0.0.12",
      "resolved": "https://registry.npmjs.org/jiife/-/jiife-0.0.12.tgz",
      "integrity": "sha512-MlURwCPYx9XQv3x4ifzTlRZd/QlCHI9aip48TddRyydXvtK/wRHDrtZmvG2+iNPHBWVSbWzmvpbiWq2D7jbEwA==",
      "dev": true,
      "requires": {
        "terser": "3.11.0"
      }
    },
    "p-d.p-u": {
      "version": "0.0.112",
      "resolved": "https://registry.npmjs.org/p-d.p-u/-/p-d.p-u-0.0.112.tgz",
      "integrity": "sha512-6JpRKWHPWEgPs0wxX12NMlTOH2NbH90ti94M6KDti9Fwvs8sHBf+59eHGBWEFmuhsa7Ac+hxNPYr1Wp7spjMyg==",
      "dev": true,
      "requires": {
        "xtal-element": "0.0.49"
      }
    },
    "purr-sist": {
      "version": "0.0.39",
      "resolved": "https://registry.npmjs.org/purr-sist/-/purr-sist-0.0.39.tgz",
      "integrity": "sha512-CkecnYPNdO2xAicrMUT8XxabGOf4jgZiD8ZIS2znHNlrF5zJJ4Q26VDF96YjEj1OGGdO8I/6ZbmGEcjUICvTUg==",
      "dev": true,
      "requires": {
        "idb-keyval": "3.2.0",
        "xtal-element": "0.0.45"
      },
      "dependencies": {
        "trans-render": {
          "version": "0.0.96",
          "resolved": "https://registry.npmjs.org/trans-render/-/trans-render-0.0.96.tgz",
          "integrity": "sha512-yIbNYKcvgjjsZsLm/maIAX+wTM91lWYX4x+mzTwFgb+cD+5K49zsjwyo9RL2cCOAD/3DBvYZO1XOx9G6RtCv1Q==",
          "dev": true,
          "requires": {
            "xtal-element": "0.0.44"
          },
          "dependencies": {
            "trans-render": {
              "version": "0.0.95",
              "resolved": "https://registry.npmjs.org/trans-render/-/trans-render-0.0.95.tgz",
              "integrity": "sha512-ss+ZkfFodTKYNaGBawKcGRIe+7hyycILB3ANJA+ED4SaDInGXQ26+v2YyZN0fja63d0kwYoYjXv1Mps7M5cfmg==",
              "requires": {
                "xtal-latx": "0.0.88"
              }
            },
            "xtal-element": {
              "version": "0.0.44",
              "resolved": "https://registry.npmjs.org/xtal-element/-/xtal-element-0.0.44.tgz",
              "integrity": "sha512-ttCSLXV7BauApDxPhC4oFA4RVUBydRIjtj0YTjAQms5JZzJUxIeb0AeUA1obPGDyW+h1Aw6ocG3lT8qLQ237pA==",
              "dev": true,
              "requires": {
                "event-switch": "0.0.12",
                "trans-render": "0.0.95"
              },
              "dependencies": {
                "trans-render": {
                  "version": "0.0.95",
                  "resolved": "https://registry.npmjs.org/trans-render/-/trans-render-0.0.95.tgz",
                  "integrity": "sha512-ss+ZkfFodTKYNaGBawKcGRIe+7hyycILB3ANJA+ED4SaDInGXQ26+v2YyZN0fja63d0kwYoYjXv1Mps7M5cfmg==",
                  "dev": true,
                  "requires": {
                    "xtal-latx": "0.0.88"
                  }
                }
              }
            }
          }
        },
        "xtal-element": {
          "version": "0.0.45",
          "resolved": "https://registry.npmjs.org/xtal-element/-/xtal-element-0.0.45.tgz",
          "integrity": "sha512-DofTo48zdsmWV11dZ3xsys6FFzoGm9XFHhUC4CTMSLVNLfQy2u2cH66bXQJ2jxDmCoPL8Rn/CSLtsRHlPqAxcg==",
          "dev": true,
          "requires": {
            "event-switch": "0.0.12",
            "trans-render": "0.0.96"
          }
        }
      }
    },
    "source-map": {
      "version": "0.6.1",
      "resolved": "https://registry.npmjs.org/source-map/-/source-map-0.6.1.tgz",
      "integrity": "sha512-UjgapumWlbMhkBgzT7Ykc5YXUT46F0iKu8SGXq0bcwP5dz/h0Plj6enJqjz1Zbq2l5WaqYnrVbwWOWMyF3F47g==",
      "dev": true
    },
    "source-map-support": {
      "version": "0.5.11",
      "resolved": "https://registry.npmjs.org/source-map-support/-/source-map-support-0.5.11.tgz",
      "integrity": "sha512-//sajEx/fGL3iw6fltKMdPvy8kL3kJ2O3iuYlRoT3k9Kb4BjOoZ+BZzaNHeuaruSt+Kf3Zk9tnfAQg9/AJqUVQ==",
      "dev": true,
      "requires": {
        "buffer-from": "^1.0.0",
        "source-map": "^0.6.0"
      }
    },
    "terser": {
      "version": "3.11.0",
      "resolved": "https://registry.npmjs.org/terser/-/terser-3.11.0.tgz",
      "integrity": "sha512-5iLMdhEPIq3zFWskpmbzmKwMQixKmTYwY3Ox9pjtSklBLnHiuQ0GKJLhL1HSYtyffHM3/lDIFBnb82m9D7ewwQ==",
      "dev": true,
      "requires": {
        "commander": "~2.17.1",
        "source-map": "~0.6.1",
        "source-map-support": "~0.5.6"
      }
    },
    "trans-render": {
      "version": "0.0.99",
      "resolved": "https://registry.npmjs.org/trans-render/-/trans-render-0.0.99.tgz",
      "integrity": "sha512-+5bDrj/Yz8315cO2XinKG+FBnxBKievkxjkdAuEJIT3plzqS1voPBFNlc/69tzKR+MzPh21wlsAtAN9UbH9gng=="
    },
    "xtal-element": {
      "version": "0.0.49",
      "resolved": "https://registry.npmjs.org/xtal-element/-/xtal-element-0.0.49.tgz",
      "integrity": "sha512-8YIL+Yg8GlhdrkxmPk7CapR0IpDwLZgzWtf92B/X2IwsoKo/x2jF9xbOYgmXvMTM4edKVyYQf6H2zfU8Okb9Ag==",
      "requires": {
        "event-switch": "0.0.12",
        "trans-render": "0.0.99"
      }
    },
    "xtal-latx": {
      "version": "0.0.88",
      "resolved": "https://registry.npmjs.org/xtal-latx/-/xtal-latx-0.0.88.tgz",
      "integrity": "sha512-zkfvHGGKR5EeNbHKp5oMhNc9a8tl/IoxsxMlRqgEHjZ7rPW1zZFHn6Zdnhbq1NdWVVPhcw+9CbH/+5g+gExPjg=="
    }
  }
}
